{
  "nodes": {
    "nixpkgs": {
      "locked": {
        "lastModified": 1702312524,
        "narHash": "sha256-gkZJRDBUCpTPBvQk25G0B7vfbpEYM5s5OZqghkjZsnE=",
        "owner": "nixos",
        "repo": "nixpkgs",
        "rev": "a9bf124c46ef298113270b1f84a164865987a91c",
        "type": "github"
      },
      "original": {
        "owner": "nixos",
        "ref": "nixos-unstable",
        "repo": "nixpkgs",
        "type": "github"
      }
    },
    "nixpkgs-stable": {
      "locked": {
        "lastModified": 1702777222,
        "narHash": "sha256-/SYmqgxTYzqZnQEfbOCHCN4GzqB9uAIsR9IWLzo0/8I=",
        "owner": "NixOS",
        "repo": "nixpkgs",
        "rev": "a19a71d1ee93226fd71984359552affbc1cd3dc3",
        "type": "github"
      },
      "original": {
        "owner": "NixOS",
        "ref": "release-23.05",
        "repo": "nixpkgs",
        "type": "github"
      }
    },
    "root": {
      "inputs": {
        "nixpkgs": "nixpkgs",
        "sops-nix": "sops-nix"
      }
    },
    "sops-nix": {
      "inputs": {
        "nixpkgs": [
          "nixpkgs"
        ],
        "nixpkgs-stable": "nixpkgs-stable"
      },
      "locked": {
        "lastModified": 1702812162,
        "narHash": "sha256-18cKptpAAfkatdQgjO5SZXZsbc1IVPRoYx2AxaiooL4=",
        "owner": "Mic92",
        "repo": "sops-nix",
        "rev": "21f2b8f123a1601fef3cf6bbbdf5171257290a77",
        "type": "github"
      },
      "original": {
        "owner": "Mic92",
        "repo": "sops-nix",
        "type": "github"
      }
    }
  },
  "root": "root",
  "version": 7
}
